// !$*UTF8*$!
{
	archiveVersion = 1;
	classes = {
	};
	objectVersion = 50;
	objects = {

/* Begin PBXBuildFile section */
		0754C17A27E4A15C0059C5E6 /* MemoryGame.swift in Sources */ = {isa = PBXBuildFile; fileRef = 0754C17927E4A15C0059C5E6 /* MemoryGame.swift */; };
		0754C17C27E4AF030059C5E6 /* EmojiMemoryGame.swift in Sources */ = {isa = PBXBuildFile; fileRef = 0754C17B27E4AF030059C5E6 /* EmojiMemoryGame.swift */; };
		07C30973279AC9C8001D8B10 /* MemorizeApp.swift in Sources */ = {isa = PBXBuildFile; fileRef = 07C30972279AC9C8001D8B10 /* MemorizeApp.swift */; };
		07C30975279AC9C8001D8B10 /* EmojiMemoryCardGameView.swift in Sources */ = {isa = PBXBuildFile; fileRef = 07C30974279AC9C8001D8B10 /* EmojiMemoryCardGameView.swift */; };
		07C30977279AC9C9001D8B10 /* Assets.xcassets in Resources */ = {isa = PBXBuildFile; fileRef = 07C30976279AC9C9001D8B10 /* Assets.xcassets */; };
		07C3097A279AC9C9001D8B10 /* Preview Assets.xcassets in Resources */ = {isa = PBXBuildFile; fileRef = 07C30979279AC9C9001D8B10 /* Preview Assets.xcassets */; };
		07E645582807A6880042B3AB /* AspectVGrid.swift in Sources */ = {isa = PBXBuildFile; fileRef = 07E645572807A6870042B3AB /* AspectVGrid.swift */; };
		07FDE0A328088D39007763CC /* Pie.swift in Sources */ = {isa = PBXBuildFile; fileRef = 07FDE0A228088D39007763CC /* Pie.swift */; };
/* End PBXBuildFile section */

/* Begin PBXFileReference section */
		0754C17927E4A15C0059C5E6 /* MemoryGame.swift */ = {isa = PBXFileReference; lastKnownFileType = sourcecode.swift; path = MemoryGame.swift; sourceTree = "<group>"; };
		0754C17B27E4AF030059C5E6 /* EmojiMemoryGame.swift */ = {isa = PBXFileReference; lastKnownFileType = sourcecode.swift; path = EmojiMemoryGame.swift; sourceTree = "<group>"; };
		07C3096F279AC9C8001D8B10 /* Memorize.app */ = {isa = PBXFileReference; explicitFileType = wrapper.application; includeInIndex = 0; path = Memorize.app; sourceTree = BUILT_PRODUCTS_DIR; };
		07C30972279AC9C8001D8B10 /* MemorizeApp.swift */ = {isa = PBXFileReference; lastKnownFileType = sourcecode.swift; path = MemorizeApp.swift; sourceTree = "<group>"; };
		07C30974279AC9C8001D8B10 /* EmojiMemoryCardGameView.swift */ = {isa = PBXFileReference; lastKnownFileType = sourcecode.swift; path = EmojiMemoryCardGameView.swift; sourceTree = "<group>"; };
		07C30976279AC9C9001D8B10 /* Assets.xcassets */ = {isa = PBXFileReference; lastKnownFileType = folder.assetcatalog; path = Assets.xcassets; sourceTree = "<group>"; };
		07C30979279AC9C9001D8B10 /* Preview Assets.xcassets */ = {isa = PBXFileReference; lastKnownFileType = folder.assetcatalog; path = "Preview Assets.xcassets"; sourceTree = "<group>"; };
		07C3097B279AC9C9001D8B10 /* Info.plist */ = {isa = PBXFileReference; lastKnownFileType = text.plist.xml; path = Info.plist; sourceTree = "<group>"; };
		07E645572807A6870042B3AB /* AspectVGrid.swift */ = {isa = PBXFileReference; lastKnownFileType = sourcecode.swift; path = AspectVGrid.swift; sourceTree = "<group>"; };
		07FDE0A228088D39007763CC /* Pie.swift */ = {isa = PBXFileReference; lastKnownFileType = sourcecode.swift; path = Pie.swift; sourceTree = "<group>"; };
/* End PBXFileReference section */

/* Begin PBXFrameworksBuildPhase section */
		07C3096C279AC9C8001D8B10 /* Frameworks */ = {
			isa = PBXFrameworksBuildPhase;
			buildActionMask = 2147483647;
			files = (
			);
			runOnlyForDeploymentPostprocessing = 0;
		};
/* End PBXFrameworksBuildPhase section */

/* Begin PBXGroup section */
		07C30966279AC9C8001D8B10 = {
			isa = PBXGroup;
			children = (
				07C30971279AC9C8001D8B10 /* Memorize */,
				07C30970279AC9C8001D8B10 /* Products */,
			);
			sourceTree = "<group>";
		};
		07C30970279AC9C8001D8B10 /* Products */ = {
			isa = PBXGroup;
			children = (
				07C3096F279AC9C8001D8B10 /* Memorize.app */,
			);
			name = Products;
			sourceTree = "<group>";
		};
		07C30971279AC9C8001D8B10 /* Memorize */ = {
			isa = PBXGroup;
			children = (
				07E645572807A6870042B3AB /* AspectVGrid.swift */,
				0754C17927E4A15C0059C5E6 /* MemoryGame.swift */,
				0754C17B27E4AF030059C5E6 /* EmojiMemoryGame.swift */,
				07C30972279AC9C8001D8B10 /* MemorizeApp.swift */,
				07C30974279AC9C8001D8B10 /* EmojiMemoryCardGameView.swift */,
				07FDE0A228088D39007763CC /* Pie.swift */,
				07C30976279AC9C9001D8B10 /* Assets.xcassets */,
				07C3097B279AC9C9001D8B10 /* Info.plist */,
				07C30978279AC9C9001D8B10 /* Preview Content */,
			);
			path = Memorize;
			sourceTree = "<group>";
		};
		07C30978279AC9C9001D8B10 /* Preview Content */ = {
			isa = PBXGroup;
			children = (
				07C30979279AC9C9001D8B10 /* Preview Assets.xcassets */,
			);
			path = "Preview Content";
			sourceTree = "<group>";
		};
/* End PBXGroup section */

/* Begin PBXNativeTarget section */
		07C3096E279AC9C8001D8B10 /* Memorize */ = {
			isa = PBXNativeTarget;
			buildConfigurationList = 07C3097E279AC9C9001D8B10 /* Build configuration list for PBXNativeTarget "Memorize" */;
			buildPhases = (
				07C3096B279AC9C8001D8B10 /* Sources */,
				07C3096C279AC9C8001D8B10 /* Frameworks */,
				07C3096D279AC9C8001D8B10 /* Resources */,
			);
			buildRules = (
			);
			dependencies = (
			);
			name = Memorize;
			productName = Memorize;
			productReference = 07C3096F279AC9C8001D8B10 /* Memorize.app */;
			productType = "com.apple.product-type.application";
		};
/* End PBXNativeTarget section */

/* Begin PBXProject section */
		07C30967279AC9C8001D8B10 /* Project object */ = {
			isa = PBXProject;
			attributes = {
				LastSwiftUpdateCheck = 1250;
				LastUpgradeCheck = 1250;
				TargetAttributes = {
					07C3096E279AC9C8001D8B10 = {
						CreatedOnToolsVersion = 12.5.1;
					};
				};
			};
			buildConfigurationList = 07C3096A279AC9C8001D8B10 /* Build configuration list for PBXProject "Memorize" */;
			compatibilityVersion = "Xcode 9.3";
			developmentRegion = en;
			hasScannedForEncodings = 0;
			knownRegions = (
				en,
				Base,
			);
			mainGroup = 07C30966279AC9C8001D8B10;
			productRefGroup = 07C30970279AC9C8001D8B10 /* Products */;
			projectDirPath = "";
			projectRoot = "";
			targets = (
				07C3096E279AC9C8001D8B10 /* Memorize */,
			);
		};
/* End PBXProject section */

/* Begin PBXResourcesBuildPhase section */
		07C3096D279AC9C8001D8B10 /* Resources */ = {
			isa = PBXResourcesBuildPhase;
			buildActionMask = 2147483647;
			files = (
				07C3097A279AC9C9001D8B10 /* Preview Assets.xcassets in Resources */,
				07C30977279AC9C9001D8B10 /* Assets.xcassets in Resources */,
			);
			runOnlyForDeploymentPostprocessing = 0;
		};
/* End PBXResourcesBuildPhase section */

/* Begin PBXSourcesBuildPhase section */
		07C3096B279AC9C8001D8B10 /* Sources */ = {
			isa = PBXSourcesBuildPhase;
			buildActionMask = 2147483647;
			files = (
				07FDE0A328088D39007763CC /* Pie.swift in Sources */,
				0754C17A27E4A15C0059C5E6 /* MemoryGame.swift in Sources */,
				07C30975279AC9C8001D8B10 /* EmojiMemoryCardGameView.swift in Sources */,
				07C30973279AC9C8001D8B10 /* MemorizeApp.swift in Sources */,
				07E645582807A6880042B3AB /* AspectVGrid.swift in Sources */,
				0754C17C27E4AF030059C5E6 /* EmojiMemoryGame.swift in Sources */,
			);
			runOnlyForDeploymentPostprocessing = 0;
		};
/* End PBXSourcesBuildPhase section */

/* Begin XCBuildConfiguration section */
		07C3097C279AC9C9001D8B10 /* Debug */ = {
			isa = XCBuildConfiguration;
			buildSettings = {
				ALWAYS_SEARCH_USER_PATHS = NO;
				CLANG_ANALYZER_NONNULL = YES;
				CLANG_ANALYZER_NUMBER_OBJECT_CONVERSION = YES_AGGRESSIVE;
				CLANG_CXX_LANGUAGE_STANDARD = "gnu++14";
				CLANG_CXX_LIBRARY = "libc++";
				CLANG_ENABLE_MODULES = YES;
				CLANG_ENABLE_OBJC_ARC = YES;
				CLANG_ENABLE_OBJC_WEAK = YES;
				CLANG_WARN_BLOCK_CAPTURE_AUTORELEASING = YES;
				CLANG_WARN_BOOL_CONVERSION = YES;
				CLANG_WARN_COMMA = YES;
				CLANG_WARN_CONSTANT_CONVERSION = YES;
				CLANG_WARN_DEPRECATED_OBJC_IMPLEMENTATIONS = YES;
				CLANG_WARN_DIRECT_OBJC_ISA_USAGE = YES_ERROR;
				CLANG_WARN_DOCUMENTATION_COMMENTS = YES;
				CLANG_WARN_EMPTY_BODY = YES;
				CLANG_WARN_ENUM_CONVERSION = YES;
				CLANG_WARN_INFINITE_RECURSION = YES;
				CLANG_WARN_INT_CONVERSION = YES;
				CLANG_WARN_NON_LITERAL_NULL_CONVERSION = YES;
				CLANG_WARN_OBJC_IMPLICIT_RETAIN_SELF = YES;
				CLANG_WARN_OBJC_LITERAL_CONVERSION = YES;
				CLANG_WARN_OBJC_ROOT_CLASS = YES_ERROR;
				CLANG_WARN_QUOTED_INCLUDE_IN_FRAMEWORK_HEADER = YES;
				CLANG_WARN_RANGE_LOOP_ANALYSIS = YES;
				CLANG_WARN_STRICT_PROTOTYPES = YES;
				CLANG_WARN_SUSPICIOUS_MOVE = YES;
				CLANG_WARN_UNGUARDED_AVAILABILITY = YES_AGGRESSIVE;
				CLANG_WARN_UNREACHABLE_CODE = YES;
				CLANG_WARN__DUPLICATE_METHOD_MATCH = YES;
				COPY_PHASE_STRIP = NO;
				DEBUG_INFORMATION_FORMAT = dwarf;
				ENABLE_STRICT_OBJC_MSGSEND = YES;
				ENABLE_TESTABILITY = YES;
				GCC_C_LANGUAGE_STANDARD = gnu11;
				GCC_DYNAMIC_NO_PIC = NO;
				GCC_NO_COMMON_BLOCKS = YES;
				GCC_OPTIMIZATION_LEVEL = 0;
				GCC_PREPROCESSOR_DEFINITIONS = (
					"DEBUG=1",
					"$(inherited)",
				);
				GCC_WARN_64_TO_32_BIT_CONVERSION = YES;
				GCC_WARN_ABOUT_RETURN_TYPE = YES_ERROR;
				GCC_WARN_UNDECLARED_SELECTOR = YES;
				GCC_WARN_UNINITIALIZED_AUTOS = YES_AGGRESSIVE;
				GCC_WARN_UNUSED_FUNCTION = YES;
				GCC_WARN_UNUSED_VARIABLE = YES;
				IPHONEOS_DEPLOYMENT_TARGET = 14.5;
				MTL_ENABLE_DEBUG_INFO = INCLUDE_SOURCE;
				MTL_FAST_MATH = YES;
				ONLY_ACTIVE_ARCH = YES;
				SDKROOT = iphoneos;
				SWIFT_ACTIVE_COMPILATION_CONDITIONS = DEBUG;
				SWIFT_OPTIMIZATION_LEVEL = "-Onone";
			};
			name = Debug;
		};
		07C3097D279AC9C9001D8B10 /* Release */ = {
			isa = XCBuildConfiguration;
			buildSettings = {
				ALWAYS_SEARCH_USER_PATHS = NO;
				CLANG_ANALYZER_NONNULL = YES;
				CLANG_ANALYZER_NUMBER_OBJECT_CONVERSION = YES_AGGRESSIVE;
				CLANG_CXX_LANGUAGE_STANDARD = "gnu++14";
				CLANG_CXX_LIBRARY = "libc++";
				CLANG_ENABLE_MODULES = YES;
				CLANG_ENABLE_OBJC_ARC = YES;
				CLANG_ENABLE_OBJC_WEAK = YES;
				CLANG_WARN_BLOCK_CAPTURE_AUTORELEASING = YES;
				CLANG_WARN_BOOL_CONVERSION = YES;
				CLANG_WARN_COMMA = YES;
				CLANG_WARN_CONSTANT_CONVERSION = YES;
				CLANG_WARN_DEPRECATED_OBJC_IMPLEMENTATIONS = YES;
				CLANG_WARN_DIRECT_OBJC_ISA_USAGE = YES_ERROR;
				CLANG_WARN_DOCUMENTATION_COMMENTS = YES;
				CLANG_WARN_EMPTY_BODY = YES;
				CLANG_WARN_ENUM_CONVERSION = YES;
				CLANG_WARN_INFINITE_RECURSION = YES;
				CLANG_WARN_INT_CONVERSION = YES;
				CLANG_WARN_NON_LITERAL_NULL_CONVERSION = YES;
				CLANG_WARN_OBJC_IMPLICIT_RETAIN_SELF = YES;
				CLANG_WARN_OBJC_LITERAL_CONVERSION = YES;
				CLANG_WARN_OBJC_ROOT_CLASS = YES_ERROR;
				CLANG_WARN_QUOTED_INCLUDE_IN_FRAMEWORK_HEADER = YES;
				CLANG_WARN_RANGE_LOOP_ANALYSIS = YES;
				CLANG_WARN_STRICT_PROTOTYPES = YES;
				CLANG_WARN_SUSPICIOUS_MOVE = YES;
				CLANG_WARN_UNGUARDED_AVAILABILITY = YES_AGGRESSIVE;
				CLANG_WARN_UNREACHABLE_CODE = YES;
				CLANG_WARN__DUPLICATE_METHOD_MATCH = YES;
				COPY_PHASE_STRIP = NO;
				DEBUG_INFORMATION_FORMAT = "dwarf-with-dsym";
				ENABLE_NS_ASSERTIONS = NO;
				ENABLE_STRICT_OBJC_MSGSEND = YES;
				GCC_C_LANGUAGE_STANDARD = gnu11;
				GCC_NO_COMMON_BLOCKS = YES;
				GCC_WARN_64_TO_32_BIT_CONVERSION = YES;
				GCC_WARN_ABOUT_RETURN_TYPE = YES_ERROR;
				GCC_WARN_UNDECLARED_SELECTOR = YES;
				GCC_WARN_UNINITIALIZED_AUTOS = YES_AGGRESSIVE;
				GCC_WARN_UNUSED_FUNCTION = YES;
				GCC_WARN_UNUSED_VARIABLE = YES;
				IPHONEOS_DEPLOYMENT_TARGET = 14.5;
				MTL_ENABLE_DEBUG_INFO = NO;
				MTL_FAST_MATH = YES;
				SDKROOT = iphoneos;
				SWIFT_COMPILATION_MODE = wholemodule;
				SWIFT_OPTIMIZATION_LEVEL = "-O";
				VALIDATE_PRODUCT = YES;
			};
			name = Release;
		};
		07C3097F279AC9C9001D8B10 /* Debug */ = {
			isa = XCBuildConfiguration;
			buildSettings = {
				ASSETCATALOG_COMPILER_APPICON_NAME = AppIcon;
				ASSETCATALOG_COMPILER_GLOBAL_ACCENT_COLOR_NAME = AccentColor;
				CODE_SIGN_STYLE = Automatic;
				DEVELOPMENT_ASSET_PATHS = "\"Memorize/Preview Content\"";
				DEVELOPMENT_TEAM = PW635634VD;
				ENABLE_PREVIEWS = YES;
				INFOPLIST_FILE = Memorize/Info.plist;
				IPHONEOS_DEPLOYMENT_TARGET = 14.5;
				LD_RUNPATH_SEARCH_PATHS = (
					"$(inherited)",
					"@executable_path/Frameworks",
				);
				PRODUCT_BUNDLE_IDENTIFIER = meami.vladislavgorovenko.Memorize;
				PRODUCT_NAME = "$(TARGET_NAME)";
				SWIFT_VERSION = 5.0;
				TARGETED_DEVICE_FAMILY = "1,2";
			};
			name = Debug;
		};
		07C30980279AC9C9001D8B10 /* Release */ = {
			isa = XCBuildConfiguration;
			buildSettings = {
				ASSETCATALOG_COMPILER_APPICON_NAME = AppIcon;
				ASSETCATALOG_COMPILER_GLOBAL_ACCENT_COLOR_NAME = AccentColor;
				CODE_SIGN_STYLE = Automatic;
				DEVELOPMENT_ASSET_PATHS = "\"Memorize/Preview Content\"";
				DEVELOPMENT_TEAM = PW635634VD;
				ENABLE_PREVIEWS = YES;
				INFOPLIST_FILE = Memorize/Info.plist;
				IPHONEOS_DEPLOYMENT_TARGET = 14.5;
				LD_RUNPATH_SEARCH_PATHS = (
					"$(inherited)",
					"@executable_path/Frameworks",
				);
				PRODUCT_BUNDLE_IDENTIFIER = meami.vladislavgorovenko.Memorize;
				PRODUCT_NAME = "$(TARGET_NAME)";
				SWIFT_VERSION = 5.0;
				TARGETED_DEVICE_FAMILY = "1,2";
			};
			name = Release;
		};
/* End XCBuildConfiguration section */

/* Begin XCConfigurationList section */
		07C3096A279AC9C8001D8B10 /* Build configuration list for PBXProject "Memorize" */ = {
			isa = XCConfigurationList;
			buildConfigurations = (
				07C3097C279AC9C9001D8B10 /* Debug */,
				07C3097D279AC9C9001D8B10 /* Release */,
			);
			defaultConfigurationIsVisible = 0;
			defaultConfigurationName = Release;
		};
		07C3097E279AC9C9001D8B10 /* Build configuration list for PBXNativeTarget "Memorize" */ = {
			isa = XCConfigurationList;
			buildConfigurations = (
				07C3097F279AC9C9001D8B10 /* Debug */,
				07C30980279AC9C9001D8B10 /* Release */,
			);
			defaultConfigurationIsVisible = 0;
			defaultConfigurationName = Release;
		};
/* End XCConfigurationList section */
	};
	rootObject = 07C30967279AC9C8001D8B10 /* Project object */;
}
